// !$*UTF8*$!
{
	archiveVersion = 1;
	classes = {
	};
	objectVersion = 56;
	objects = {

/* Begin PBXBuildFile section */
		01B1D4302CBEAA16009D7A62 /* MenuAppsView.swift in Sources */ = {isa = PBXBuildFile; fileRef = 01B1D42F2CBEAA16009D7A62 /* MenuAppsView.swift */; };
		01B1D4372CBEB414009D7A62 /* AppParameters.swift in Sources */ = {isa = PBXBuildFile; fileRef = 01B1D4362CBEB414009D7A62 /* AppParameters.swift */; };
		01B1D4392CBEB5BD009D7A62 /* DataController.swift in Sources */ = {isa = PBXBuildFile; fileRef = 01B1D4382CBEB5BD009D7A62 /* DataController.swift */; };
		01B1D43B2CBEB9A6009D7A62 /* MainViewModel.swift in Sources */ = {isa = PBXBuildFile; fileRef = 01B1D43A2CBEB9A6009D7A62 /* MainViewModel.swift */; };
		01BA51DD2CBF9F210007CEFF /* APP_iOSTests.swift in Sources */ = {isa = PBXBuildFile; fileRef = 01BA51DC2CBF9F210007CEFF /* APP_iOSTests.swift */; };
		01C7F9C02CBFBBE80088994D /* IconeView.swift in Sources */ = {isa = PBXBuildFile; fileRef = 01C7F9BF2CBFBBE80088994D /* IconeView.swift */; };
		01C7F9C32CBFC8C80088994D /* Extension+View.swift in Sources */ = {isa = PBXBuildFile; fileRef = 01C7F9C22CBFC8C80088994D /* Extension+View.swift */; };
		01C7F9C72CBFCA670088994D /* MainView.swift in Sources */ = {isa = PBXBuildFile; fileRef = 01C7F9C62CBFCA660088994D /* MainView.swift */; };
		01C7F9CA2CBFE98E0088994D /* CalculatorView.swift in Sources */ = {isa = PBXBuildFile; fileRef = 01C7F9C92CBFE98E0088994D /* CalculatorView.swift */; };
		01C7F9CC2CBFF3BC0088994D /* KeyNumberView.swift in Sources */ = {isa = PBXBuildFile; fileRef = 01C7F9CB2CBFF3BC0088994D /* KeyNumberView.swift */; };
		01D161042CBE771300F3F34D /* APP_iOSApp.swift in Sources */ = {isa = PBXBuildFile; fileRef = 01D161032CBE771300F3F34D /* APP_iOSApp.swift */; };
		01D161062CBE771300F3F34D /* PhoneView.swift in Sources */ = {isa = PBXBuildFile; fileRef = 01D161052CBE771300F3F34D /* PhoneView.swift */; };
		01D161082CBE771700F3F34D /* Assets.xcassets in Resources */ = {isa = PBXBuildFile; fileRef = 01D161072CBE771700F3F34D /* Assets.xcassets */; };
		01D1610B2CBE771700F3F34D /* Preview Assets.xcassets in Resources */ = {isa = PBXBuildFile; fileRef = 01D1610A2CBE771700F3F34D /* Preview Assets.xcassets */; };
/* End PBXBuildFile section */

/* Begin PBXContainerItemProxy section */
		01BA51DE2CBF9F210007CEFF /* PBXContainerItemProxy */ = {
			isa = PBXContainerItemProxy;
			containerPortal = 01D160F82CBE771300F3F34D /* Project object */;
			proxyType = 1;
			remoteGlobalIDString = 01D160FF2CBE771300F3F34D;
			remoteInfo = "APP iOS";
		};
/* End PBXContainerItemProxy section */

/* Begin PBXFileReference section */
		01B1D42F2CBEAA16009D7A62 /* MenuAppsView.swift */ = {isa = PBXFileReference; lastKnownFileType = sourcecode.swift; path = MenuAppsView.swift; sourceTree = "<group>"; };
		01B1D4362CBEB414009D7A62 /* AppParameters.swift */ = {isa = PBXFileReference; lastKnownFileType = sourcecode.swift; path = AppParameters.swift; sourceTree = "<group>"; };
		01B1D4382CBEB5BD009D7A62 /* DataController.swift */ = {isa = PBXFileReference; lastKnownFileType = sourcecode.swift; path = DataController.swift; sourceTree = "<group>"; };
		01B1D43A2CBEB9A6009D7A62 /* MainViewModel.swift */ = {isa = PBXFileReference; lastKnownFileType = sourcecode.swift; path = MainViewModel.swift; sourceTree = "<group>"; };
		01BA51DA2CBF9F210007CEFF /* APP iOSTests.xctest */ = {isa = PBXFileReference; explicitFileType = wrapper.cfbundle; includeInIndex = 0; path = "APP iOSTests.xctest"; sourceTree = BUILT_PRODUCTS_DIR; };
		01BA51DC2CBF9F210007CEFF /* APP_iOSTests.swift */ = {isa = PBXFileReference; lastKnownFileType = sourcecode.swift; path = APP_iOSTests.swift; sourceTree = "<group>"; };
		01C7F9BF2CBFBBE80088994D /* IconeView.swift */ = {isa = PBXFileReference; lastKnownFileType = sourcecode.swift; path = IconeView.swift; sourceTree = "<group>"; };
		01C7F9C22CBFC8C80088994D /* Extension+View.swift */ = {isa = PBXFileReference; lastKnownFileType = sourcecode.swift; path = "Extension+View.swift"; sourceTree = "<group>"; };
		01C7F9C62CBFCA660088994D /* MainView.swift */ = {isa = PBXFileReference; lastKnownFileType = sourcecode.swift; path = MainView.swift; sourceTree = "<group>"; };
		01C7F9C92CBFE98E0088994D /* CalculatorView.swift */ = {isa = PBXFileReference; lastKnownFileType = sourcecode.swift; path = CalculatorView.swift; sourceTree = "<group>"; };
		01C7F9CB2CBFF3BC0088994D /* KeyNumberView.swift */ = {isa = PBXFileReference; lastKnownFileType = sourcecode.swift; path = KeyNumberView.swift; sourceTree = "<group>"; };
		01D161002CBE771300F3F34D /* APP iOS.app */ = {isa = PBXFileReference; explicitFileType = wrapper.application; includeInIndex = 0; path = "APP iOS.app"; sourceTree = BUILT_PRODUCTS_DIR; };
		01D161032CBE771300F3F34D /* APP_iOSApp.swift */ = {isa = PBXFileReference; lastKnownFileType = sourcecode.swift; path = APP_iOSApp.swift; sourceTree = "<group>"; };
		01D161052CBE771300F3F34D /* PhoneView.swift */ = {isa = PBXFileReference; lastKnownFileType = sourcecode.swift; path = PhoneView.swift; sourceTree = "<group>"; };
		01D161072CBE771700F3F34D /* Assets.xcassets */ = {isa = PBXFileReference; lastKnownFileType = folder.assetcatalog; path = Assets.xcassets; sourceTree = "<group>"; };
		01D1610A2CBE771700F3F34D /* Preview Assets.xcassets */ = {isa = PBXFileReference; lastKnownFileType = folder.assetcatalog; path = "Preview Assets.xcassets"; sourceTree = "<group>"; };
/* End PBXFileReference section */

/* Begin PBXFrameworksBuildPhase section */
		01BA51D72CBF9F210007CEFF /* Frameworks */ = {
			isa = PBXFrameworksBuildPhase;
			buildActionMask = 2147483647;
			files = (
			);
			runOnlyForDeploymentPostprocessing = 0;
		};
		01D160FD2CBE771300F3F34D /* Frameworks */ = {
			isa = PBXFrameworksBuildPhase;
			buildActionMask = 2147483647;
			files = (
			);
			runOnlyForDeploymentPostprocessing = 0;
		};
/* End PBXFrameworksBuildPhase section */

/* Begin PBXGroup section */
		01B1D4312CBEAB91009D7A62 /* brouillion */ = {
			isa = PBXGroup;
			children = (
			);
			path = brouillion;
			sourceTree = "<group>";
		};
		01BA51DB2CBF9F210007CEFF /* APP iOSTests */ = {
			isa = PBXGroup;
			children = (
				01BA51DC2CBF9F210007CEFF /* APP_iOSTests.swift */,
			);
			path = "APP iOSTests";
			sourceTree = "<group>";
		};
		01C7F9C82CBFE8940088994D /* AppsView */ = {
			isa = PBXGroup;
			children = (
				01D161052CBE771300F3F34D /* PhoneView.swift */,
				01C7F9C92CBFE98E0088994D /* CalculatorView.swift */,
			);
			path = AppsView;
			sourceTree = "<group>";
		};
		01C7F9CD2CBFFB410088994D /* ComponentView */ = {
			isa = PBXGroup;
			children = (
				01C7F9CB2CBFF3BC0088994D /* KeyNumberView.swift */,
				01C7F9BF2CBFBBE80088994D /* IconeView.swift */,
			);
			path = ComponentView;
			sourceTree = "<group>";
		};
		01D160F72CBE771300F3F34D = {
			isa = PBXGroup;
			children = (
				01D161022CBE771300F3F34D /* APP iOS */,
				01BA51DB2CBF9F210007CEFF /* APP iOSTests */,
				01D161012CBE771300F3F34D /* Products */,
			);
			sourceTree = "<group>";
		};
		01D161012CBE771300F3F34D /* Products */ = {
			isa = PBXGroup;
			children = (
				01D161002CBE771300F3F34D /* APP iOS.app */,
				01BA51DA2CBF9F210007CEFF /* APP iOSTests.xctest */,
			);
			name = Products;
			sourceTree = "<group>";
		};
		01D161022CBE771300F3F34D /* APP iOS */ = {
			isa = PBXGroup;
			children = (
				01C7F9CD2CBFFB410088994D /* ComponentView */,
				01C7F9C82CBFE8940088994D /* AppsView */,
				01B1D42F2CBEAA16009D7A62 /* MenuAppsView.swift */,
				01C7F9C22CBFC8C80088994D /* Extension+View.swift */,
				01B1D43A2CBEB9A6009D7A62 /* MainViewModel.swift */,
				01B1D4362CBEB414009D7A62 /* AppParameters.swift */,
				01C7F9C62CBFCA660088994D /* MainView.swift */,
				01D161032CBE771300F3F34D /* APP_iOSApp.swift */,
				01B1D4382CBEB5BD009D7A62 /* DataController.swift */,
				01B1D4312CBEAB91009D7A62 /* brouillion */,
				01D161072CBE771700F3F34D /* Assets.xcassets */,
				01D161092CBE771700F3F34D /* Preview Content */,
			);
			path = "APP iOS";
			sourceTree = "<group>";
		};
		01D161092CBE771700F3F34D /* Preview Content */ = {
			isa = PBXGroup;
			children = (
				01D1610A2CBE771700F3F34D /* Preview Assets.xcassets */,
			);
			path = "Preview Content";
			sourceTree = "<group>";
		};
/* End PBXGroup section */

/* Begin PBXNativeTarget section */
		01BA51D92CBF9F210007CEFF /* APP iOSTests */ = {
			isa = PBXNativeTarget;
			buildConfigurationList = 01BA51E22CBF9F210007CEFF /* Build configuration list for PBXNativeTarget "APP iOSTests" */;
			buildPhases = (
				01BA51D62CBF9F210007CEFF /* Sources */,
				01BA51D72CBF9F210007CEFF /* Frameworks */,
				01BA51D82CBF9F210007CEFF /* Resources */,
			);
			buildRules = (
			);
			dependencies = (
				01BA51DF2CBF9F210007CEFF /* PBXTargetDependency */,
			);
			name = "APP iOSTests";
			productName = "APP iOSTests";
			productReference = 01BA51DA2CBF9F210007CEFF /* APP iOSTests.xctest */;
			productType = "com.apple.product-type.bundle.unit-test";
		};
		01D160FF2CBE771300F3F34D /* APP iOS */ = {
			isa = PBXNativeTarget;
			buildConfigurationList = 01D1610E2CBE771700F3F34D /* Build configuration list for PBXNativeTarget "APP iOS" */;
			buildPhases = (
				01D160FC2CBE771300F3F34D /* Sources */,
				01D160FD2CBE771300F3F34D /* Frameworks */,
				01D160FE2CBE771300F3F34D /* Resources */,
			);
			buildRules = (
			);
			dependencies = (
			);
			name = "APP iOS";
			productName = "APP iOS";
			productReference = 01D161002CBE771300F3F34D /* APP iOS.app */;
			productType = "com.apple.product-type.application";
		};
/* End PBXNativeTarget section */

/* Begin PBXProject section */
		01D160F82CBE771300F3F34D /* Project object */ = {
			isa = PBXProject;
			attributes = {
				BuildIndependentTargetsInParallel = 1;
				LastSwiftUpdateCheck = 1540;
				LastUpgradeCheck = 1540;
				TargetAttributes = {
					01BA51D92CBF9F210007CEFF = {
						CreatedOnToolsVersion = 15.4;
						TestTargetID = 01D160FF2CBE771300F3F34D;
					};
					01D160FF2CBE771300F3F34D = {
						CreatedOnToolsVersion = 15.4;
					};
				};
			};
			buildConfigurationList = 01D160FB2CBE771300F3F34D /* Build configuration list for PBXProject "APP iOS" */;
			compatibilityVersion = "Xcode 14.0";
			developmentRegion = en;
			hasScannedForEncodings = 0;
			knownRegions = (
				en,
				Base,
			);
			mainGroup = 01D160F72CBE771300F3F34D;
			productRefGroup = 01D161012CBE771300F3F34D /* Products */;
			projectDirPath = "";
			projectRoot = "";
			targets = (
				01D160FF2CBE771300F3F34D /* APP iOS */,
				01BA51D92CBF9F210007CEFF /* APP iOSTests */,
			);
		};
/* End PBXProject section */

/* Begin PBXResourcesBuildPhase section */
		01BA51D82CBF9F210007CEFF /* Resources */ = {
			isa = PBXResourcesBuildPhase;
			buildActionMask = 2147483647;
			files = (
			);
			runOnlyForDeploymentPostprocessing = 0;
		};
		01D160FE2CBE771300F3F34D /* Resources */ = {
			isa = PBXResourcesBuildPhase;
			buildActionMask = 2147483647;
			files = (
				01D1610B2CBE771700F3F34D /* Preview Assets.xcassets in Resources */,
				01D161082CBE771700F3F34D /* Assets.xcassets in Resources */,
			);
			runOnlyForDeploymentPostprocessing = 0;
		};
/* End PBXResourcesBuildPhase section */

/* Begin PBXSourcesBuildPhase section */
		01BA51D62CBF9F210007CEFF /* Sources */ = {
			isa = PBXSourcesBuildPhase;
			buildActionMask = 2147483647;
			files = (
				01BA51DD2CBF9F210007CEFF /* APP_iOSTests.swift in Sources */,
			);
			runOnlyForDeploymentPostprocessing = 0;
		};
		01D160FC2CBE771300F3F34D /* Sources */ = {
			isa = PBXSourcesBuildPhase;
			buildActionMask = 2147483647;
			files = (
				01B1D43B2CBEB9A6009D7A62 /* MainViewModel.swift in Sources */,
				01C7F9C32CBFC8C80088994D /* Extension+View.swift in Sources */,
				01C7F9C72CBFCA670088994D /* MainView.swift in Sources */,
				01B1D4372CBEB414009D7A62 /* AppParameters.swift in Sources */,
				01B1D4392CBEB5BD009D7A62 /* DataController.swift in Sources */,
				01C7F9CC2CBFF3BC0088994D /* KeyNumberView.swift in Sources */,
				01C7F9C02CBFBBE80088994D /* IconeView.swift in Sources */,
				01C7F9CA2CBFE98E0088994D /* CalculatorView.swift in Sources */,
				01B1D4302CBEAA16009D7A62 /* MenuAppsView.swift in Sources */,
				01D161062CBE771300F3F34D /* PhoneView.swift in Sources */,
				01D161042CBE771300F3F34D /* APP_iOSApp.swift in Sources */,
			);
			runOnlyForDeploymentPostprocessing = 0;
		};
/* End PBXSourcesBuildPhase section */

/* Begin PBXTargetDependency section */
		01BA51DF2CBF9F210007CEFF /* PBXTargetDependency */ = {
			isa = PBXTargetDependency;
			target = 01D160FF2CBE771300F3F34D /* APP iOS */;
			targetProxy = 01BA51DE2CBF9F210007CEFF /* PBXContainerItemProxy */;
		};
/* End PBXTargetDependency section */

/* Begin XCBuildConfiguration section */
		01BA51E02CBF9F210007CEFF /* Debug */ = {
			isa = XCBuildConfiguration;
			buildSettings = {
				BUNDLE_LOADER = "$(TEST_HOST)";
				CODE_SIGN_STYLE = Automatic;
				CURRENT_PROJECT_VERSION = 1;
				GENERATE_INFOPLIST_FILE = YES;
				MARKETING_VERSION = 1.0;
				PRODUCT_BUNDLE_IDENTIFIER = "eapc.APP-iOSTests";
				PRODUCT_NAME = "$(TARGET_NAME)";
				SWIFT_EMIT_LOC_STRINGS = NO;
				SWIFT_VERSION = 5.0;
				TARGETED_DEVICE_FAMILY = "1,2";
				TEST_HOST = "$(BUILT_PRODUCTS_DIR)/APP iOS.app/$(BUNDLE_EXECUTABLE_FOLDER_PATH)/APP iOS";
			};
			name = Debug;
		};
		01BA51E12CBF9F210007CEFF /* Release */ = {
			isa = XCBuildConfiguration;
			buildSettings = {
				BUNDLE_LOADER = "$(TEST_HOST)";
				CODE_SIGN_STYLE = Automatic;
				CURRENT_PROJECT_VERSION = 1;
				GENERATE_INFOPLIST_FILE = YES;
				MARKETING_VERSION = 1.0;
				PRODUCT_BUNDLE_IDENTIFIER = "eapc.APP-iOSTests";
				PRODUCT_NAME = "$(TARGET_NAME)";
				SWIFT_EMIT_LOC_STRINGS = NO;
				SWIFT_VERSION = 5.0;
				TARGETED_DEVICE_FAMILY = "1,2";
				TEST_HOST = "$(BUILT_PRODUCTS_DIR)/APP iOS.app/$(BUNDLE_EXECUTABLE_FOLDER_PATH)/APP iOS";
			};
			name = Release;
		};
		01D1610C2CBE771700F3F34D /* Debug */ = {
			isa = XCBuildConfiguration;
			buildSettings = {
				ALWAYS_SEARCH_USER_PATHS = NO;
				ASSETCATALOG_COMPILER_GENERATE_SWIFT_ASSET_SYMBOL_EXTENSIONS = YES;
				CLANG_ANALYZER_NONNULL = YES;
				CLANG_ANALYZER_NUMBER_OBJECT_CONVERSION = YES_AGGRESSIVE;
				CLANG_CXX_LANGUAGE_STANDARD = "gnu++20";
				CLANG_ENABLE_MODULES = YES;
				CLANG_ENABLE_OBJC_ARC = YES;
				CLANG_ENABLE_OBJC_WEAK = YES;
				CLANG_WARN_BLOCK_CAPTURE_AUTORELEASING = YES;
				CLANG_WARN_BOOL_CONVERSION = YES;
				CLANG_WARN_COMMA = YES;
				CLANG_WARN_CONSTANT_CONVERSION = YES;
				CLANG_WARN_DEPRECATED_OBJC_IMPLEMENTATIONS = YES;
				CLANG_WARN_DIRECT_OBJC_ISA_USAGE = YES_ERROR;
				CLANG_WARN_DOCUMENTATION_COMMENTS = YES;
				CLANG_WARN_EMPTY_BODY = YES;
				CLANG_WARN_ENUM_CONVERSION = YES;
				CLANG_WARN_INFINITE_RECURSION = YES;
				CLANG_WARN_INT_CONVERSION = YES;
				CLANG_WARN_NON_LITERAL_NULL_CONVERSION = YES;
				CLANG_WARN_OBJC_IMPLICIT_RETAIN_SELF = YES;
				CLANG_WARN_OBJC_LITERAL_CONVERSION = YES;
				CLANG_WARN_OBJC_ROOT_CLASS = YES_ERROR;
				CLANG_WARN_QUOTED_INCLUDE_IN_FRAMEWORK_HEADER = YES;
				CLANG_WARN_RANGE_LOOP_ANALYSIS = YES;
				CLANG_WARN_STRICT_PROTOTYPES = YES;
				CLANG_WARN_SUSPICIOUS_MOVE = YES;
				CLANG_WARN_UNGUARDED_AVAILABILITY = YES_AGGRESSIVE;
				CLANG_WARN_UNREACHABLE_CODE = YES;
				CLANG_WARN__DUPLICATE_METHOD_MATCH = YES;
				COPY_PHASE_STRIP = NO;
				DEBUG_INFORMATION_FORMAT = dwarf;
				ENABLE_STRICT_OBJC_MSGSEND = YES;
				ENABLE_TESTABILITY = YES;
				ENABLE_USER_SCRIPT_SANDBOXING = YES;
				GCC_C_LANGUAGE_STANDARD = gnu17;
				GCC_DYNAMIC_NO_PIC = NO;
				GCC_NO_COMMON_BLOCKS = YES;
				GCC_OPTIMIZATION_LEVEL = 0;
				GCC_PREPROCESSOR_DEFINITIONS = (
					"DEBUG=1",
					"$(inherited)",
				);
				GCC_WARN_64_TO_32_BIT_CONVERSION = YES;
				GCC_WARN_ABOUT_RETURN_TYPE = YES_ERROR;
				GCC_WARN_UNDECLARED_SELECTOR = YES;
				GCC_WARN_UNINITIALIZED_AUTOS = YES_AGGRESSIVE;
				GCC_WARN_UNUSED_FUNCTION = YES;
				GCC_WARN_UNUSED_VARIABLE = YES;
				IPHONEOS_DEPLOYMENT_TARGET = 17.5;
				LOCALIZATION_PREFERS_STRING_CATALOGS = YES;
				MTL_ENABLE_DEBUG_INFO = INCLUDE_SOURCE;
				MTL_FAST_MATH = YES;
				ONLY_ACTIVE_ARCH = YES;
				SDKROOT = iphoneos;
				SWIFT_ACTIVE_COMPILATION_CONDITIONS = "DEBUG $(inherited)";
				SWIFT_OPTIMIZATION_LEVEL = "-Onone";
			};
			name = Debug;
		};
		01D1610D2CBE771700F3F34D /* Release */ = {
			isa = XCBuildConfiguration;
			buildSettings = {
				ALWAYS_SEARCH_USER_PATHS = NO;
				ASSETCATALOG_COMPILER_GENERATE_SWIFT_ASSET_SYMBOL_EXTENSIONS = YES;
				CLANG_ANALYZER_NONNULL = YES;
				CLANG_ANALYZER_NUMBER_OBJECT_CONVERSION = YES_AGGRESSIVE;
				CLANG_CXX_LANGUAGE_STANDARD = "gnu++20";
				CLANG_ENABLE_MODULES = YES;
				CLANG_ENABLE_OBJC_ARC = YES;
				CLANG_ENABLE_OBJC_WEAK = YES;
				CLANG_WARN_BLOCK_CAPTURE_AUTORELEASING = YES;
				CLANG_WARN_BOOL_CONVERSION = YES;
				CLANG_WARN_COMMA = YES;
				CLANG_WARN_CONSTANT_CONVERSION = YES;
				CLANG_WARN_DEPRECATED_OBJC_IMPLEMENTATIONS = YES;
				CLANG_WARN_DIRECT_OBJC_ISA_USAGE = YES_ERROR;
				CLANG_WARN_DOCUMENTATION_COMMENTS = YES;
				CLANG_WARN_EMPTY_BODY = YES;
				CLANG_WARN_ENUM_CONVERSION = YES;
				CLANG_WARN_INFINITE_RECURSION = YES;
				CLANG_WARN_INT_CONVERSION = YES;
				CLANG_WARN_NON_LITERAL_NULL_CONVERSION = YES;
				CLANG_WARN_OBJC_IMPLICIT_RETAIN_SELF = YES;
				CLANG_WARN_OBJC_LITERAL_CONVERSION = YES;
				CLANG_WARN_OBJC_ROOT_CLASS = YES_ERROR;
				CLANG_WARN_QUOTED_INCLUDE_IN_FRAMEWORK_HEADER = YES;
				CLANG_WARN_RANGE_LOOP_ANALYSIS = YES;
				CLANG_WARN_STRICT_PROTOTYPES = YES;
				CLANG_WARN_SUSPICIOUS_MOVE = YES;
				CLANG_WARN_UNGUARDED_AVAILABILITY = YES_AGGRESSIVE;
				CLANG_WARN_UNREACHABLE_CODE = YES;
				CLANG_WARN__DUPLICATE_METHOD_MATCH = YES;
				COPY_PHASE_STRIP = NO;
				DEBUG_INFORMATION_FORMAT = "dwarf-with-dsym";
				ENABLE_NS_ASSERTIONS = NO;
				ENABLE_STRICT_OBJC_MSGSEND = YES;
				ENABLE_USER_SCRIPT_SANDBOXING = YES;
				GCC_C_LANGUAGE_STANDARD = gnu17;
				GCC_NO_COMMON_BLOCKS = YES;
				GCC_WARN_64_TO_32_BIT_CONVERSION = YES;
				GCC_WARN_ABOUT_RETURN_TYPE = YES_ERROR;
				GCC_WARN_UNDECLARED_SELECTOR = YES;
				GCC_WARN_UNINITIALIZED_AUTOS = YES_AGGRESSIVE;
				GCC_WARN_UNUSED_FUNCTION = YES;
				GCC_WARN_UNUSED_VARIABLE = YES;
				IPHONEOS_DEPLOYMENT_TARGET = 17.5;
				LOCALIZATION_PREFERS_STRING_CATALOGS = YES;
				MTL_ENABLE_DEBUG_INFO = NO;
				MTL_FAST_MATH = YES;
				SDKROOT = iphoneos;
				SWIFT_COMPILATION_MODE = wholemodule;
				VALIDATE_PRODUCT = YES;
			};
			name = Release;
		};
		01D1610F2CBE771700F3F34D /* Debug */ = {
			isa = XCBuildConfiguration;
			buildSettings = {
				ASSETCATALOG_COMPILER_APPICON_NAME = AppIcon;
				ASSETCATALOG_COMPILER_GLOBAL_ACCENT_COLOR_NAME = AccentColor;
				CODE_SIGN_STYLE = Automatic;
				CURRENT_PROJECT_VERSION = 1;
				DEVELOPMENT_ASSET_PATHS = "\"APP iOS/Preview Content\"";
				ENABLE_PREVIEWS = YES;
				GENERATE_INFOPLIST_FILE = YES;
				INFOPLIST_KEY_UIApplicationSceneManifest_Generation = YES;
				INFOPLIST_KEY_UIApplicationSupportsIndirectInputEvents = YES;
				INFOPLIST_KEY_UILaunchScreen_Generation = YES;
				INFOPLIST_KEY_UISupportedInterfaceOrientations_iPad = "UIInterfaceOrientationPortrait UIInterfaceOrientationPortraitUpsideDown UIInterfaceOrientationLandscapeLeft UIInterfaceOrientationLandscapeRight";
				INFOPLIST_KEY_UISupportedInterfaceOrientations_iPhone = "UIInterfaceOrientationPortrait UIInterfaceOrientationLandscapeLeft UIInterfaceOrientationLandscapeRight";
				LD_RUNPATH_SEARCH_PATHS = (
					"$(inherited)",
					"@executable_path/Frameworks",
				);
				MARKETING_VERSION = 1.0;
				PRODUCT_BUNDLE_IDENTIFIER = "eapc.APP-iOS";
				PRODUCT_NAME = "$(TARGET_NAME)";
				SWIFT_EMIT_LOC_STRINGS = YES;
				SWIFT_VERSION = 5.0;
				TARGETED_DEVICE_FAMILY = "1,2";
			};
			name = Debug;
		};
		01D161102CBE771700F3F34D /* Release */ = {
			isa = XCBuildConfiguration;
			buildSettings = {
				ASSETCATALOG_COMPILER_APPICON_NAME = AppIcon;
				ASSETCATALOG_COMPILER_GLOBAL_ACCENT_COLOR_NAME = AccentColor;
				CODE_SIGN_STYLE = Automatic;
				CURRENT_PROJECT_VERSION = 1;
				DEVELOPMENT_ASSET_PATHS = "\"APP iOS/Preview Content\"";
				ENABLE_PREVIEWS = YES;
				GENERATE_INFOPLIST_FILE = YES;
				INFOPLIST_KEY_UIApplicationSceneManifest_Generation = YES;
				INFOPLIST_KEY_UIApplicationSupportsIndirectInputEvents = YES;
				INFOPLIST_KEY_UILaunchScreen_Generation = YES;
				INFOPLIST_KEY_UISupportedInterfaceOrientations_iPad = "UIInterfaceOrientationPortrait UIInterfaceOrientationPortraitUpsideDown UIInterfaceOrientationLandscapeLeft UIInterfaceOrientationLandscapeRight";
				INFOPLIST_KEY_UISupportedInterfaceOrientations_iPhone = "UIInterfaceOrientationPortrait UIInterfaceOrientationLandscapeLeft UIInterfaceOrientationLandscapeRight";
				LD_RUNPATH_SEARCH_PATHS = (
					"$(inherited)",
					"@executable_path/Frameworks",
				);
				MARKETING_VERSION = 1.0;
				PRODUCT_BUNDLE_IDENTIFIER = "eapc.APP-iOS";
				PRODUCT_NAME = "$(TARGET_NAME)";
				SWIFT_EMIT_LOC_STRINGS = YES;
				SWIFT_VERSION = 5.0;
				TARGETED_DEVICE_FAMILY = "1,2";
			};
			name = Release;
		};
/* End XCBuildConfiguration section */

/* Begin XCConfigurationList section */
		01BA51E22CBF9F210007CEFF /* Build configuration list for PBXNativeTarget "APP iOSTests" */ = {
			isa = XCConfigurationList;
			buildConfigurations = (
				01BA51E02CBF9F210007CEFF /* Debug */,
				01BA51E12CBF9F210007CEFF /* Release */,
			);
			defaultConfigurationIsVisible = 0;
			defaultConfigurationName = Release;
		};
		01D160FB2CBE771300F3F34D /* Build configuration list for PBXProject "APP iOS" */ = {
			isa = XCConfigurationList;
			buildConfigurations = (
				01D1610C2CBE771700F3F34D /* Debug */,
				01D1610D2CBE771700F3F34D /* Release */,
			);
			defaultConfigurationIsVisible = 0;
			defaultConfigurationName = Release;
		};
		01D1610E2CBE771700F3F34D /* Build configuration list for PBXNativeTarget "APP iOS" */ = {
			isa = XCConfigurationList;
			buildConfigurations = (
				01D1610F2CBE771700F3F34D /* Debug */,
				01D161102CBE771700F3F34D /* Release */,
			);
			defaultConfigurationIsVisible = 0;
			defaultConfigurationName = Release;
		};
/* End XCConfigurationList section */
	};
	rootObject = 01D160F82CBE771300F3F34D /* Project object */;
}
